{
  "nodes": {
    "emacs-src": {
      "flake": false,
      "locked": {
        "lastModified": 1661218225,
        "narHash": "sha256-y4blFQ8idokgFayIRtCopMtqVXEDTLWPkgpfsgUIEcU=",
        "owner": "emacs-mirror",
        "repo": "emacs",
        "rev": "e425b7d231d02e76ec3e3790418121fc07877e70",
        "type": "github"
      },
      "original": {
        "owner": "emacs-mirror",
        "repo": "emacs",
        "type": "github"
      }
    },
    "emacs-vterm-src": {
      "flake": false,
      "locked": {
        "lastModified": 1661169531,
        "narHash": "sha256-qYNUapEJz0SP62sHbg7OdIoG6wfjF7I4x6vEN3iQmN0=",
        "owner": "akermu",
        "repo": "emacs-libvterm",
        "rev": "f104e3a11c9ff33ccc0e086cffaadc9549e9e8b1",
        "type": "github"
      },
      "original": {
        "owner": "akermu",
        "repo": "emacs-libvterm",
        "type": "github"
      }
    },
    "nixpkgs": {
      "locked": {
        "lastModified": 1661151577,
        "narHash": "sha256-++S0TuJtuz9IpqP8rKktWyHZKpgdyrzDFUXVY07MTRI=",
        "owner": "nixos",
        "repo": "nixpkgs",
        "rev": "54060e816971276da05970a983487a25810c38a7",
        "type": "github"
      },
      "original": {
        "owner": "nixos",
        "ref": "nixpkgs-unstable",
        "repo": "nixpkgs",
        "type": "github"
      }
    },
    "root": {
      "inputs": {
        "emacs-src": "emacs-src",
        "emacs-vterm-src": "emacs-vterm-src",
        "nixpkgs": "nixpkgs"
      }
    }
  },
  "root": "root",
  "version": 7
}
