{
  "nodes": {
    "emacs-src": {
      "flake": false,
      "locked": {
        "lastModified": 1681430472,
        "narHash": "sha256-uaEZIz0DhVAnJmQuxxuFMlZBMJaGjKQCr9fXmhv2FOc=",
        "owner": "emacs-mirror",
        "repo": "emacs",
        "rev": "2c3ca78e811b288aa4801f78c11ba9ddf9ffe02c",
        "type": "github"
      },
      "original": {
        "owner": "emacs-mirror",
        "repo": "emacs",
        "type": "github"
      }
    },
    "emacs-vterm-src": {
      "flake": false,
      "locked": {
        "lastModified": 1676600925,
        "narHash": "sha256-c3puNJ0YATQkT3tjQ22PPmMonNzTp6SPzzheS7m1pd8=",
        "owner": "akermu",
        "repo": "emacs-libvterm",
        "rev": "3e5a9b754b8e61850bb7d1b63b090b9fbf6687f3",
        "type": "github"
      },
      "original": {
        "owner": "akermu",
        "repo": "emacs-libvterm",
        "type": "github"
      }
    },
    "nixpkgs": {
      "locked": {
        "lastModified": 1681358109,
        "narHash": "sha256-eKyxW4OohHQx9Urxi7TQlFBTDWII+F+x2hklDOQPB50=",
        "owner": "nixos",
        "repo": "nixpkgs",
        "rev": "96ba1c52e54e74c3197f4d43026b3f3d92e83ff9",
        "type": "github"
      },
      "original": {
        "owner": "nixos",
        "ref": "nixpkgs-unstable",
        "repo": "nixpkgs",
        "type": "github"
      }
    },
    "root": {
      "inputs": {
        "emacs-src": "emacs-src",
        "emacs-vterm-src": "emacs-vterm-src",
        "nixpkgs": "nixpkgs"
      }
    }
  },
  "root": "root",
  "version": 7
}
