{
  "nodes": {
    "emacs-src": {
      "flake": false,
      "locked": {
        "lastModified": 1661124548,
        "narHash": "sha256-8gLTka43itEHc4PP23wa+Ei7D+/4Qnwa0UQJKQbF88M=",
        "owner": "emacs-mirror",
        "repo": "emacs",
        "rev": "15d628f1960ba71912cc9c3e8deaded77b953ccb",
        "type": "github"
      },
      "original": {
        "owner": "emacs-mirror",
        "repo": "emacs",
        "type": "github"
      }
    },
    "emacs-vterm-src": {
      "flake": false,
      "locked": {
        "lastModified": 1661011352,
        "narHash": "sha256-EWxNhDa4f9vHV+7crj2Jx7+ZitWW76Ott2v6tzRtuQ8=",
        "owner": "akermu",
        "repo": "emacs-libvterm",
        "rev": "52ae56f0b2d40403938a226e4df95a0f433306cc",
        "type": "github"
      },
      "original": {
        "owner": "akermu",
        "repo": "emacs-libvterm",
        "type": "github"
      }
    },
    "nixpkgs": {
      "locked": {
        "lastModified": 1661120702,
        "narHash": "sha256-o2P8sp6FaCwPT8i67Un3w5DN0+nFnY8e9xk7Tj0hpmE=",
        "owner": "nixos",
        "repo": "nixpkgs",
        "rev": "3ed15c29ce0fd1c3fcfbbeebcf1607057200d83c",
        "type": "github"
      },
      "original": {
        "owner": "nixos",
        "ref": "nixpkgs-unstable",
        "repo": "nixpkgs",
        "type": "github"
      }
    },
    "root": {
      "inputs": {
        "emacs-src": "emacs-src",
        "emacs-vterm-src": "emacs-vterm-src",
        "nixpkgs": "nixpkgs"
      }
    }
  },
  "root": "root",
  "version": 7
}
